// !$*UTF8*$!
{
	archiveVersion = 1;
	classes = {
	};
	objectVersion = 48;
	objects = {

/* Begin PBXBuildFile section */
		E05B808E1FB45C9100EEAE51 /* AppDelegate.swift in Sources */ = {isa = PBXBuildFile; fileRef = E05B808D1FB45C9100EEAE51 /* AppDelegate.swift */; };
		E05B80901FB45C9100EEAE51 /* ViewController.swift in Sources */ = {isa = PBXBuildFile; fileRef = E05B808F1FB45C9100EEAE51 /* ViewController.swift */; };
		E05B80931FB45C9100EEAE51 /* Main.storyboard in Resources */ = {isa = PBXBuildFile; fileRef = E05B80911FB45C9100EEAE51 /* Main.storyboard */; };
		E05B80951FB45C9100EEAE51 /* Assets.xcassets in Resources */ = {isa = PBXBuildFile; fileRef = E05B80941FB45C9100EEAE51 /* Assets.xcassets */; };
		E05B80981FB45C9100EEAE51 /* LaunchScreen.storyboard in Resources */ = {isa = PBXBuildFile; fileRef = E05B80961FB45C9100EEAE51 /* LaunchScreen.storyboard */; };
		E05B80A31FB45C9100EEAE51 /* iPhoneXTabBarTests.swift in Sources */ = {isa = PBXBuildFile; fileRef = E05B80A21FB45C9100EEAE51 /* iPhoneXTabBarTests.swift */; };
/* End PBXBuildFile section */

/* Begin PBXContainerItemProxy section */
		E05B809F1FB45C9100EEAE51 /* PBXContainerItemProxy */ = {
			isa = PBXContainerItemProxy;
			containerPortal = E05B80821FB45C9100EEAE51 /* Project object */;
			proxyType = 1;
			remoteGlobalIDString = E05B80891FB45C9100EEAE51;
			remoteInfo = iPhoneXTabBar;
		};
/* End PBXContainerItemProxy section */

/* Begin PBXFileReference section */
		E05B808A1FB45C9100EEAE51 /* iPhoneXTabBar.app */ = {isa = PBXFileReference; explicitFileType = wrapper.application; includeInIndex = 0; path = iPhoneXTabBar.app; sourceTree = BUILT_PRODUCTS_DIR; };
		E05B808D1FB45C9100EEAE51 /* AppDelegate.swift */ = {isa = PBXFileReference; lastKnownFileType = sourcecode.swift; path = AppDelegate.swift; sourceTree = "<group>"; };
		E05B808F1FB45C9100EEAE51 /* ViewController.swift */ = {isa = PBXFileReference; lastKnownFileType = sourcecode.swift; path = ViewController.swift; sourceTree = "<group>"; };
		E05B80921FB45C9100EEAE51 /* Base */ = {isa = PBXFileReference; lastKnownFileType = file.storyboard; name = Base; path = Base.lproj/Main.storyboard; sourceTree = "<group>"; };
		E05B80941FB45C9100EEAE51 /* Assets.xcassets */ = {isa = PBXFileReference; lastKnownFileType = folder.assetcatalog; path = Assets.xcassets; sourceTree = "<group>"; };
		E05B80971FB45C9100EEAE51 /* Base */ = {isa = PBXFileReference; lastKnownFileType = file.storyboard; name = Base; path = Base.lproj/LaunchScreen.storyboard; sourceTree = "<group>"; };
		E05B80991FB45C9100EEAE51 /* Info.plist */ = {isa = PBXFileReference; lastKnownFileType = text.plist.xml; path = Info.plist; sourceTree = "<group>"; };
		E05B809E1FB45C9100EEAE51 /* iPhoneXTabBarTests.xctest */ = {isa = PBXFileReference; explicitFileType = wrapper.cfbundle; includeInIndex = 0; path = iPhoneXTabBarTests.xctest; sourceTree = BUILT_PRODUCTS_DIR; };
		E05B80A21FB45C9100EEAE51 /* iPhoneXTabBarTests.swift */ = {isa = PBXFileReference; lastKnownFileType = sourcecode.swift; path = iPhoneXTabBarTests.swift; sourceTree = "<group>"; };
		E05B80A41FB45C9100EEAE51 /* Info.plist */ = {isa = PBXFileReference; lastKnownFileType = text.plist.xml; path = Info.plist; sourceTree = "<group>"; };
/* End PBXFileReference section */

/* Begin PBXFrameworksBuildPhase section */
		E05B80871FB45C9100EEAE51 /* Frameworks */ = {
			isa = PBXFrameworksBuildPhase;
			buildActionMask = 2147483647;
			files = (
			);
			runOnlyForDeploymentPostprocessing = 0;
		};
		E05B809B1FB45C9100EEAE51 /* Frameworks */ = {
			isa = PBXFrameworksBuildPhase;
			buildActionMask = 2147483647;
			files = (
			);
			runOnlyForDeploymentPostprocessing = 0;
		};
/* End PBXFrameworksBuildPhase section */

/* Begin PBXGroup section */
		E05B80811FB45C9100EEAE51 = {
			isa = PBXGroup;
			children = (
				E05B808C1FB45C9100EEAE51 /* iPhoneXTabBar */,
				E05B80A11FB45C9100EEAE51 /* iPhoneXTabBarTests */,
				E05B808B1FB45C9100EEAE51 /* Products */,
			);
			sourceTree = "<group>";
		};
		E05B808B1FB45C9100EEAE51 /* Products */ = {
			isa = PBXGroup;
			children = (
				E05B808A1FB45C9100EEAE51 /* iPhoneXTabBar.app */,
				E05B809E1FB45C9100EEAE51 /* iPhoneXTabBarTests.xctest */,
			);
			name = Products;
			sourceTree = "<group>";
		};
		E05B808C1FB45C9100EEAE51 /* iPhoneXTabBar */ = {
			isa = PBXGroup;
			children = (
				E05B808D1FB45C9100EEAE51 /* AppDelegate.swift */,
				E05B808F1FB45C9100EEAE51 /* ViewController.swift */,
				E05B80911FB45C9100EEAE51 /* Main.storyboard */,
				E05B80941FB45C9100EEAE51 /* Assets.xcassets */,
				E05B80961FB45C9100EEAE51 /* LaunchScreen.storyboard */,
				E05B80991FB45C9100EEAE51 /* Info.plist */,
			);
			path = iPhoneXTabBar;
			sourceTree = "<group>";
		};
		E05B80A11FB45C9100EEAE51 /* iPhoneXTabBarTests */ = {
			isa = PBXGroup;
			children = (
				E05B80A21FB45C9100EEAE51 /* iPhoneXTabBarTests.swift */,
				E05B80A41FB45C9100EEAE51 /* Info.plist */,
			);
			path = iPhoneXTabBarTests;
			sourceTree = "<group>";
		};
/* End PBXGroup section */

/* Begin PBXNativeTarget section */
		E05B80891FB45C9100EEAE51 /* iPhoneXTabBar */ = {
			isa = PBXNativeTarget;
			buildConfigurationList = E05B80A71FB45C9100EEAE51 /* Build configuration list for PBXNativeTarget "iPhoneXTabBar" */;
			buildPhases = (
				E05B80861FB45C9100EEAE51 /* Sources */,
				E05B80871FB45C9100EEAE51 /* Frameworks */,
				E05B80881FB45C9100EEAE51 /* Resources */,
			);
			buildRules = (
			);
			dependencies = (
			);
			name = iPhoneXTabBar;
			productName = iPhoneXTabBar;
			productReference = E05B808A1FB45C9100EEAE51 /* iPhoneXTabBar.app */;
			productType = "com.apple.product-type.application";
		};
		E05B809D1FB45C9100EEAE51 /* iPhoneXTabBarTests */ = {
			isa = PBXNativeTarget;
			buildConfigurationList = E05B80AA1FB45C9100EEAE51 /* Build configuration list for PBXNativeTarget "iPhoneXTabBarTests" */;
			buildPhases = (
				E05B809A1FB45C9100EEAE51 /* Sources */,
				E05B809B1FB45C9100EEAE51 /* Frameworks */,
				E05B809C1FB45C9100EEAE51 /* Resources */,
			);
			buildRules = (
			);
			dependencies = (
				E05B80A01FB45C9100EEAE51 /* PBXTargetDependency */,
			);
			name = iPhoneXTabBarTests;
			productName = iPhoneXTabBarTests;
			productReference = E05B809E1FB45C9100EEAE51 /* iPhoneXTabBarTests.xctest */;
			productType = "com.apple.product-type.bundle.unit-test";
		};
/* End PBXNativeTarget section */

/* Begin PBXProject section */
		E05B80821FB45C9100EEAE51 /* Project object */ = {
			isa = PBXProject;
			attributes = {
				LastSwiftUpdateCheck = 0900;
				LastUpgradeCheck = 0900;
				ORGANIZATIONNAME = bangohan;
				TargetAttributes = {
					E05B80891FB45C9100EEAE51 = {
						CreatedOnToolsVersion = 9.0;
						ProvisioningStyle = Automatic;
					};
					E05B809D1FB45C9100EEAE51 = {
						CreatedOnToolsVersion = 9.0;
						ProvisioningStyle = Automatic;
						TestTargetID = E05B80891FB45C9100EEAE51;
					};
				};
			};
			buildConfigurationList = E05B80851FB45C9100EEAE51 /* Build configuration list for PBXProject "iPhoneXTabBar" */;
			compatibilityVersion = "Xcode 8.0";
			developmentRegion = en;
			hasScannedForEncodings = 0;
			knownRegions = (
				en,
				Base,
			);
			mainGroup = E05B80811FB45C9100EEAE51;
			productRefGroup = E05B808B1FB45C9100EEAE51 /* Products */;
			projectDirPath = "";
			projectRoot = "";
			targets = (
				E05B80891FB45C9100EEAE51 /* iPhoneXTabBar */,
				E05B809D1FB45C9100EEAE51 /* iPhoneXTabBarTests */,
			);
		};
/* End PBXProject section */

/* Begin PBXResourcesBuildPhase section */
		E05B80881FB45C9100EEAE51 /* Resources */ = {
			isa = PBXResourcesBuildPhase;
			buildActionMask = 2147483647;
			files = (
				E05B80981FB45C9100EEAE51 /* LaunchScreen.storyboard in Resources */,
				E05B80951FB45C9100EEAE51 /* Assets.xcassets in Resources */,
				E05B80931FB45C9100EEAE51 /* Main.storyboard in Resources */,
			);
			runOnlyForDeploymentPostprocessing = 0;
		};
		E05B809C1FB45C9100EEAE51 /* Resources */ = {
			isa = PBXResourcesBuildPhase;
			buildActionMask = 2147483647;
			files = (
			);
			runOnlyForDeploymentPostprocessing = 0;
		};
/* End PBXResourcesBuildPhase section */

/* Begin PBXSourcesBuildPhase section */
		E05B80861FB45C9100EEAE51 /* Sources */ = {
			isa = PBXSourcesBuildPhase;
			buildActionMask = 2147483647;
			files = (
				E05B80901FB45C9100EEAE51 /* ViewController.swift in Sources */,
				E05B808E1FB45C9100EEAE51 /* AppDelegate.swift in Sources */,
			);
			runOnlyForDeploymentPostprocessing = 0;
		};
		E05B809A1FB45C9100EEAE51 /* Sources */ = {
			isa = PBXSourcesBuildPhase;
			buildActionMask = 2147483647;
			files = (
				E05B80A31FB45C9100EEAE51 /* iPhoneXTabBarTests.swift in Sources */,
			);
			runOnlyForDeploymentPostprocessing = 0;
		};
/* End PBXSourcesBuildPhase section */

/* Begin PBXTargetDependency section */
		E05B80A01FB45C9100EEAE51 /* PBXTargetDependency */ = {
			isa = PBXTargetDependency;
			target = E05B80891FB45C9100EEAE51 /* iPhoneXTabBar */;
			targetProxy = E05B809F1FB45C9100EEAE51 /* PBXContainerItemProxy */;
		};
/* End PBXTargetDependency section */

/* Begin PBXVariantGroup section */
		E05B80911FB45C9100EEAE51 /* Main.storyboard */ = {
			isa = PBXVariantGroup;
			children = (
				E05B80921FB45C9100EEAE51 /* Base */,
			);
			name = Main.storyboard;
			sourceTree = "<group>";
		};
		E05B80961FB45C9100EEAE51 /* LaunchScreen.storyboard */ = {
			isa = PBXVariantGroup;
			children = (
				E05B80971FB45C9100EEAE51 /* Base */,
			);
			name = LaunchScreen.storyboard;
			sourceTree = "<group>";
		};
/* End PBXVariantGroup section */

/* Begin XCBuildConfiguration section */
		E05B80A51FB45C9100EEAE51 /* Debug */ = {
			isa = XCBuildConfiguration;
			buildSettings = {
				ALWAYS_SEARCH_USER_PATHS = NO;
				CLANG_ANALYZER_NONNULL = YES;
				CLANG_ANALYZER_NUMBER_OBJECT_CONVERSION = YES_AGGRESSIVE;
				CLANG_CXX_LANGUAGE_STANDARD = "gnu++14";
				CLANG_CXX_LIBRARY = "libc++";
				CLANG_ENABLE_MODULES = YES;
				CLANG_ENABLE_OBJC_ARC = YES;
				CLANG_WARN_BLOCK_CAPTURE_AUTORELEASING = YES;
				CLANG_WARN_BOOL_CONVERSION = YES;
				CLANG_WARN_COMMA = YES;
				CLANG_WARN_CONSTANT_CONVERSION = YES;
				CLANG_WARN_DIRECT_OBJC_ISA_USAGE = YES_ERROR;
				CLANG_WARN_DOCUMENTATION_COMMENTS = YES;
				CLANG_WARN_EMPTY_BODY = YES;
				CLANG_WARN_ENUM_CONVERSION = YES;
				CLANG_WARN_INFINITE_RECURSION = YES;
				CLANG_WARN_INT_CONVERSION = YES;
				CLANG_WARN_NON_LITERAL_NULL_CONVERSION = YES;
				CLANG_WARN_OBJC_LITERAL_CONVERSION = YES;
				CLANG_WARN_OBJC_ROOT_CLASS = YES_ERROR;
				CLANG_WARN_RANGE_LOOP_ANALYSIS = YES;
				CLANG_WARN_STRICT_PROTOTYPES = YES;
				CLANG_WARN_SUSPICIOUS_MOVE = YES;
				CLANG_WARN_UNGUARDED_AVAILABILITY = YES_AGGRESSIVE;
				CLANG_WARN_UNREACHABLE_CODE = YES;
				CLANG_WARN__DUPLICATE_METHOD_MATCH = YES;
				CODE_SIGN_IDENTITY = "iPhone Developer";
				COPY_PHASE_STRIP = NO;
				DEBUG_INFORMATION_FORMAT = dwarf;
				ENABLE_STRICT_OBJC_MSGSEND = YES;
				ENABLE_TESTABILITY = YES;
				GCC_C_LANGUAGE_STANDARD = gnu11;
				GCC_DYNAMIC_NO_PIC = NO;
				GCC_NO_COMMON_BLOCKS = YES;
				GCC_OPTIMIZATION_LEVEL = 0;
				GCC_PREPROCESSOR_DEFINITIONS = (
					"DEBUG=1",
					"$(inherited)",
				);
				GCC_WARN_64_TO_32_BIT_CONVERSION = YES;
				GCC_WARN_ABOUT_RETURN_TYPE = YES_ERROR;
				GCC_WARN_UNDECLARED_SELECTOR = YES;
				GCC_WARN_UNINITIALIZED_AUTOS = YES_AGGRESSIVE;
				GCC_WARN_UNUSED_FUNCTION = YES;
				GCC_WARN_UNUSED_VARIABLE = YES;
				IPHONEOS_DEPLOYMENT_TARGET = 11.0;
				MTL_ENABLE_DEBUG_INFO = YES;
				ONLY_ACTIVE_ARCH = YES;
				SDKROOT = iphoneos;
				SWIFT_ACTIVE_COMPILATION_CONDITIONS = DEBUG;
				SWIFT_OPTIMIZATION_LEVEL = "-Onone";
			};
			name = Debug;
		};
		E05B80A61FB45C9100EEAE51 /* Release */ = {
			isa = XCBuildConfiguration;
			buildSettings = {
				ALWAYS_SEARCH_USER_PATHS = NO;
				CLANG_ANALYZER_NONNULL = YES;
				CLANG_ANALYZER_NUMBER_OBJECT_CONVERSION = YES_AGGRESSIVE;
				CLANG_CXX_LANGUAGE_STANDARD = "gnu++14";
				CLANG_CXX_LIBRARY = "libc++";
				CLANG_ENABLE_MODULES = YES;
				CLANG_ENABLE_OBJC_ARC = YES;
				CLANG_WARN_BLOCK_CAPTURE_AUTORELEASING = YES;
				CLANG_WARN_BOOL_CONVERSION = YES;
				CLANG_WARN_COMMA = YES;
				CLANG_WARN_CONSTANT_CONVERSION = YES;
				CLANG_WARN_DIRECT_OBJC_ISA_USAGE = YES_ERROR;
				CLANG_WARN_DOCUMENTATION_COMMENTS = YES;
				CLANG_WARN_EMPTY_BODY = YES;
				CLANG_WARN_ENUM_CONVERSION = YES;
				CLANG_WARN_INFINITE_RECURSION = YES;
				CLANG_WARN_INT_CONVERSION = YES;
				CLANG_WARN_NON_LITERAL_NULL_CONVERSION = YES;
				CLANG_WARN_OBJC_LITERAL_CONVERSION = YES;
				CLANG_WARN_OBJC_ROOT_CLASS = YES_ERROR;
				CLANG_WARN_RANGE_LOOP_ANALYSIS = YES;
				CLANG_WARN_STRICT_PROTOTYPES = YES;
				CLANG_WARN_SUSPICIOUS_MOVE = YES;
				CLANG_WARN_UNGUARDED_AVAILABILITY = YES_AGGRESSIVE;
				CLANG_WARN_UNREACHABLE_CODE = YES;
				CLANG_WARN__DUPLICATE_METHOD_MATCH = YES;
				CODE_SIGN_IDENTITY = "iPhone Developer";
				COPY_PHASE_STRIP = NO;
				DEBUG_INFORMATION_FORMAT = "dwarf-with-dsym";
				ENABLE_NS_ASSERTIONS = NO;
				ENABLE_STRICT_OBJC_MSGSEND = YES;
				GCC_C_LANGUAGE_STANDARD = gnu11;
				GCC_NO_COMMON_BLOCKS = YES;
				GCC_WARN_64_TO_32_BIT_CONVERSION = YES;
				GCC_WARN_ABOUT_RETURN_TYPE = YES_ERROR;
				GCC_WARN_UNDECLARED_SELECTOR = YES;
				GCC_WARN_UNINITIALIZED_AUTOS = YES_AGGRESSIVE;
				GCC_WARN_UNUSED_FUNCTION = YES;
				GCC_WARN_UNUSED_VARIABLE = YES;
				IPHONEOS_DEPLOYMENT_TARGET = 11.0;
				MTL_ENABLE_DEBUG_INFO = NO;
				SDKROOT = iphoneos;
				SWIFT_OPTIMIZATION_LEVEL = "-Owholemodule";
				VALIDATE_PRODUCT = YES;
			};
			name = Release;
		};
		E05B80A81FB45C9100EEAE51 /* Debug */ = {
			isa = XCBuildConfiguration;
			buildSettings = {
				ASSETCATALOG_COMPILER_APPICON_NAME = AppIcon;
				CODE_SIGN_STYLE = Automatic;
				DEVELOPMENT_TEAM = K677BRB35L;
				INFOPLIST_FILE = iPhoneXTabBar/Info.plist;
				LD_RUNPATH_SEARCH_PATHS = "$(inherited) @executable_path/Frameworks";
				PRODUCT_BUNDLE_IDENTIFIER = bangohan.iPhoneXTabBar;
				PRODUCT_NAME = "$(TARGET_NAME)";
				SWIFT_VERSION = 4.0;
				TARGETED_DEVICE_FAMILY = "1,2";
			};
			name = Debug;
		};
		E05B80A91FB45C9100EEAE51 /* Release */ = {
			isa = XCBuildConfiguration;
			buildSettings = {
				ASSETCATALOG_COMPILER_APPICON_NAME = AppIcon;
				CODE_SIGN_STYLE = Automatic;
				DEVELOPMENT_TEAM = K677BRB35L;
				INFOPLIST_FILE = iPhoneXTabBar/Info.plist;
				LD_RUNPATH_SEARCH_PATHS = "$(inherited) @executable_path/Frameworks";
				PRODUCT_BUNDLE_IDENTIFIER = bangohan.iPhoneXTabBar;
				PRODUCT_NAME = "$(TARGET_NAME)";
				SWIFT_VERSION = 4.0;
				TARGETED_DEVICE_FAMILY = "1,2";
			};
			name = Release;
		};
		E05B80AB1FB45C9100EEAE51 /* Debug */ = {
			isa = XCBuildConfiguration;
			buildSettings = {
				ALWAYS_EMBED_SWIFT_STANDARD_LIBRARIES = YES;
				BUNDLE_LOADER = "$(TEST_HOST)";
				CODE_SIGN_STYLE = Automatic;
				DEVELOPMENT_TEAM = K677BRB35L;
				INFOPLIST_FILE = iPhoneXTabBarTests/Info.plist;
				LD_RUNPATH_SEARCH_PATHS = "$(inherited) @executable_path/Frameworks @loader_path/Frameworks";
				PRODUCT_BUNDLE_IDENTIFIER = bangohan.iPhoneXTabBarTests;
				PRODUCT_NAME = "$(TARGET_NAME)";
				SWIFT_VERSION = 4.0;
				TARGETED_DEVICE_FAMILY = "1,2";
				TEST_HOST = "$(BUILT_PRODUCTS_DIR)/iPhoneXTabBar.app/iPhoneXTabBar";
			};
			name = Debug;
		};
		E05B80AC1FB45C9100EEAE51 /* Release */ = {
			isa = XCBuildConfiguration;
			buildSettings = {
				ALWAYS_EMBED_SWIFT_STANDARD_LIBRARIES = YES;
				BUNDLE_LOADER = "$(TEST_HOST)";
				CODE_SIGN_STYLE = Automatic;
				DEVELOPMENT_TEAM = K677BRB35L;
				INFOPLIST_FILE = iPhoneXTabBarTests/Info.plist;
				LD_RUNPATH_SEARCH_PATHS = "$(inherited) @executable_path/Frameworks @loader_path/Frameworks";
				PRODUCT_BUNDLE_IDENTIFIER = bangohan.iPhoneXTabBarTests;
				PRODUCT_NAME = "$(TARGET_NAME)";
				SWIFT_VERSION = 4.0;
				TARGETED_DEVICE_FAMILY = "1,2";
				TEST_HOST = "$(BUILT_PRODUCTS_DIR)/iPhoneXTabBar.app/iPhoneXTabBar";
			};
			name = Release;
		};
/* End XCBuildConfiguration section */

/* Begin XCConfigurationList section */
		E05B80851FB45C9100EEAE51 /* Build configuration list for PBXProject "iPhoneXTabBar" */ = {
			isa = XCConfigurationList;
			buildConfigurations = (
				E05B80A51FB45C9100EEAE51 /* Debug */,
				E05B80A61FB45C9100EEAE51 /* Release */,
			);
			defaultConfigurationIsVisible = 0;
			defaultConfigurationName = Release;
		};
		E05B80A71FB45C9100EEAE51 /* Build configuration list for PBXNativeTarget "iPhoneXTabBar" */ = {
			isa = XCConfigurationList;
			buildConfigurations = (
				E05B80A81FB45C9100EEAE51 /* Debug */,
				E05B80A91FB45C9100EEAE51 /* Release */,
			);
			defaultConfigurationIsVisible = 0;
			defaultConfigurationName = Release;
		};
		E05B80AA1FB45C9100EEAE51 /* Build configuration list for PBXNativeTarget "iPhoneXTabBarTests" */ = {
			isa = XCConfigurationList;
			buildConfigurations = (
				E05B80AB1FB45C9100EEAE51 /* Debug */,
				E05B80AC1FB45C9100EEAE51 /* Release */,
			);
			defaultConfigurationIsVisible = 0;
			defaultConfigurationName = Release;
		};
/* End XCConfigurationList section */
	};
	rootObject = E05B80821FB45C9100EEAE51 /* Project object */;
}
